
Microsoft Visual Studio Solution File, Format Version 11.00
# Visual Studio 2010
Project("{8BC9CEB8-8B4A-11D0-8D11-00A0C91BC942}") = "EsgiGL", "ESGIGL\EsgiGL.vcxproj", "{29E9C2FB-5ED1-4065-B017-F64D3F8111A8}"
EndProject
Project("{8BC9CEB8-8B4A-11D0-8D11-00A0C91BC942}") = "Model_OBJ", "Projects\Model_OBJ\Model_OBJ.vcxproj", "{1E4C505F-EE60-4D7B-A454-2EC7B61F093A}"
	ProjectSection(ProjectDependencies) = postProject
		{29E9C2FB-5ED1-4065-B017-F64D3F8111A8} = {29E9C2FB-5ED1-4065-B017-F64D3F8111A8}
	EndProjectSection
EndProject
Global
	GlobalSection(SolutionConfigurationPlatforms) = preSolution
		Debug EGL|Win32 = Debug EGL|Win32
		Debug GL2|Win32 = Debug GL2|Win32
		Release EGL|Win32 = Release EGL|Win32
		Release GL2|Win32 = Release GL2|Win32
	EndGlobalSection
	GlobalSection(ProjectConfigurationPlatforms) = postSolution
		{29E9C2FB-5ED1-4065-B017-F64D3F8111A8}.Debug EGL|Win32.ActiveCfg = Debug EGL|Win32
		{29E9C2FB-5ED1-4065-B017-F64D3F8111A8}.Debug EGL|Win32.Build.0 = Debug EGL|Win32
		{29E9C2FB-5ED1-4065-B017-F64D3F8111A8}.Debug GL2|Win32.ActiveCfg = Debug GL2|Win32
		{29E9C2FB-5ED1-4065-B017-F64D3F8111A8}.Debug GL2|Win32.Build.0 = Debug GL2|Win32
		{29E9C2FB-5ED1-4065-B017-F64D3F8111A8}.Release EGL|Win32.ActiveCfg = Release EGL|Win32
		{29E9C2FB-5ED1-4065-B017-F64D3F8111A8}.Release EGL|Win32.Build.0 = Release EGL|Win32
		{29E9C2FB-5ED1-4065-B017-F64D3F8111A8}.Release GL2|Win32.ActiveCfg = Release GL2|Win32
		{29E9C2FB-5ED1-4065-B017-F64D3F8111A8}.Release GL2|Win32.Build.0 = Release GL2|Win32
		{1E4C505F-EE60-4D7B-A454-2EC7B61F093A}.Debug EGL|Win32.ActiveCfg = Debug EGL|Win32
		{1E4C505F-EE60-4D7B-A454-2EC7B61F093A}.Debug EGL|Win32.Build.0 = Debug EGL|Win32
		{1E4C505F-EE60-4D7B-A454-2EC7B61F093A}.Debug GL2|Win32.ActiveCfg = Debug GL2|Win32
		{1E4C505F-EE60-4D7B-A454-2EC7B61F093A}.Debug GL2|Win32.Build.0 = Debug GL2|Win32
		{1E4C505F-EE60-4D7B-A454-2EC7B61F093A}.Release EGL|Win32.ActiveCfg = Release EGL|Win32
		{1E4C505F-EE60-4D7B-A454-2EC7B61F093A}.Release EGL|Win32.Build.0 = Release EGL|Win32
		{1E4C505F-EE60-4D7B-A454-2EC7B61F093A}.Release GL2|Win32.ActiveCfg = Release GL2|Win32
		{1E4C505F-EE60-4D7B-A454-2EC7B61F093A}.Release GL2|Win32.Build.0 = Release GL2|Win32
	EndGlobalSection
	GlobalSection(SolutionProperties) = preSolution
		HideSolutionNode = FALSE
	EndGlobalSection
EndGlobal
