<?xml version="1.0" encoding="utf-8"?>
<Project ToolsVersion="4.0" xmlns="http://schemas.microsoft.com/developer/msbuild/2003">
  <ItemGroup>
    <ClCompile Include="main.cpp" />
    <ClCompile Include="SceneLoader.cpp" />
    <ClCompile Include="Mesh.cpp" />
    <ClCompile Include="Camera.cpp" />
  </ItemGroup>
  <ItemGroup>
    <Filter Include="shaders">
      <UniqueIdentifier>{9d0baf3b-49f4-479f-ad71-384bbd862479}</UniqueIdentifier>
    </Filter>
  </ItemGroup>
  <ItemGroup>
    <None Include="basic.frag">
      <Filter>shaders</Filter>
    </None>
    <None Include="basic.vert">
      <Filter>shaders</Filter>
    </None>
  </ItemGroup>
  <ItemGroup>
    <ClInclude Include="ssaoUtils.hpp" />
    <ClInclude Include="SceneLoader.hpp" />
    <ClInclude Include="Mesh.hpp" />
    <ClInclude Include="Camera.hpp" />
  </ItemGroup>
</Project>